
Microsoft Visual Studio Solution File, Format Version 12.00
# Visual Studio Version 17
VisualStudioVersion = 17.2.32526.322
MinimumVisualStudioVersion = 10.0.40219.1
Project("{9A19103F-16F7-4668-BE54-9A1E7A4F7556}") = "TiendaServicios.Api.Autor", "TiendaServicios.Api.Autor\TiendaServicios.Api.Autor.csproj", "{2195D353-288D-4CF8-A5C3-D7A407B6CF86}"
EndProject
Project("{9A19103F-16F7-4668-BE54-9A1E7A4F7556}") = "TiendaServicios.Contracts", "TiendaServicios.Contracts\TiendaServicios.Contracts.csproj", "{7A5512FA-5F50-4CAF-AB51-FAA704B0B87B}"
EndProject
Project("{9A19103F-16F7-4668-BE54-9A1E7A4F7556}") = "TiendaLibros.Client", "TiendaLibros.Client\TiendaLibros.Client.csproj", "{C05BC6FE-F808-493A-89F9-E6F1033BFF29}"
EndProject
Project("{2150E333-8FDC-42A3-9474-1A3956D46DE8}") = "Solution Items", "Solution Items", "{A5553900-B1F9-413B-9BF8-7AEF1BB76A12}"
	ProjectSection(SolutionItems) = preProject
		.gitattributes = .gitattributes
		.gitignore = .gitignore
	EndProjectSection
EndProject
Project("{2150E333-8FDC-42A3-9474-1A3956D46DE8}") = "Autor", "Autor", "{DFF4993B-EE60-43C5-9D50-3BC250E4D3E3}"
EndProject
Project("{2150E333-8FDC-42A3-9474-1A3956D46DE8}") = "Libro", "Libro", "{1B14A228-F8DF-4A5E-8415-838373569C7D}"
EndProject
Project("{9A19103F-16F7-4668-BE54-9A1E7A4F7556}") = "TiendaServicios.Api.Libro", "TiendaServicios.Api.Libro\TiendaServicios.Api.Libro.csproj", "{EF1F6AB7-AC4A-487F-9545-5FFED1003F21}"
EndProject
Project("{2150E333-8FDC-42A3-9474-1A3956D46DE8}") = "Contracts", "Contracts", "{A58DCC77-5DD1-484C-8719-491013D76079}"
EndProject
Project("{9A19103F-16F7-4668-BE54-9A1E7A4F7556}") = "TiendaLibreria.Client", "TiendaLibreria.Client\TiendaLibreria.Client.csproj", "{5D0016DF-BCC8-48C8-B980-E900C57E2B14}"
EndProject
Project("{2150E333-8FDC-42A3-9474-1A3956D46DE8}") = "Carrito", "Carrito", "{5462C30A-A015-4B08-84F7-521FD8654F22}"
EndProject
Project("{9A19103F-16F7-4668-BE54-9A1E7A4F7556}") = "TiendaServicios.Api.Carrito", "TiendaServicios.Api.Carrito\TiendaServicios.Api.Carrito.csproj", "{25111731-D49A-4F0B-A972-82307BF069D0}"
EndProject
Project("{9A19103F-16F7-4668-BE54-9A1E7A4F7556}") = "TiendaCarrito.Client", "TiendaCarrito.Client\TiendaCarrito.Client.csproj", "{EC834E94-6BDC-4D36-9645-6F1E4DF0E811}"
EndProject
Project("{E53339B2-1760-4266-BCC7-CA923CBCF16C}") = "docker-compose", "docker-compose.dcproj", "{35B1D9E1-32FA-4553-AE74-DBF1DC316F8F}"
EndProject
Project("{2150E333-8FDC-42A3-9474-1A3956D46DE8}") = "Identity", "Identity", "{2A21AFDC-20B6-4D78-B8C9-A3A721280E21}"
EndProject
Project("{9A19103F-16F7-4668-BE54-9A1E7A4F7556}") = "TiendaServicios.Api.Identity", "TiendaServicios.Api.Identity\TiendaServicios.Api.Identity.csproj", "{22116521-E837-4B76-88CB-8377DFEB3A01}"
EndProject
Project("{2150E333-8FDC-42A3-9474-1A3956D46DE8}") = "Api", "Api", "{57F5F908-0E27-4228-AADA-F140381E6828}"
EndProject
Project("{9A19103F-16F7-4668-BE54-9A1E7A4F7556}") = "TiendaServicios.Api.Gateway", "TiendaServicios.Api.Gateway\TiendaServicios.Api.Gateway.csproj", "{F24B7940-87D1-45A4-A2CC-F865148630FD}"
EndProject
Project("{FAE04EC0-301F-11D3-BF4B-00C04F79EFBC}") = "SwaggerTest", "..\SwaggerTest\SwaggerTest.csproj", "{FA74283D-0F04-43B8-A488-4B20A980D618}"
EndProject
Global
	GlobalSection(SolutionConfigurationPlatforms) = preSolution
		Debug|Any CPU = Debug|Any CPU
		Release|Any CPU = Release|Any CPU
	EndGlobalSection
	GlobalSection(ProjectConfigurationPlatforms) = postSolution
		{2195D353-288D-4CF8-A5C3-D7A407B6CF86}.Debug|Any CPU.ActiveCfg = Debug|Any CPU
		{2195D353-288D-4CF8-A5C3-D7A407B6CF86}.Debug|Any CPU.Build.0 = Debug|Any CPU
		{2195D353-288D-4CF8-A5C3-D7A407B6CF86}.Release|Any CPU.ActiveCfg = Release|Any CPU
		{2195D353-288D-4CF8-A5C3-D7A407B6CF86}.Release|Any CPU.Build.0 = Release|Any CPU
		{7A5512FA-5F50-4CAF-AB51-FAA704B0B87B}.Debug|Any CPU.ActiveCfg = Debug|Any CPU
		{7A5512FA-5F50-4CAF-AB51-FAA704B0B87B}.Debug|Any CPU.Build.0 = Debug|Any CPU
		{7A5512FA-5F50-4CAF-AB51-FAA704B0B87B}.Release|Any CPU.ActiveCfg = Release|Any CPU
		{7A5512FA-5F50-4CAF-AB51-FAA704B0B87B}.Release|Any CPU.Build.0 = Release|Any CPU
		{C05BC6FE-F808-493A-89F9-E6F1033BFF29}.Debug|Any CPU.ActiveCfg = Debug|Any CPU
		{C05BC6FE-F808-493A-89F9-E6F1033BFF29}.Debug|Any CPU.Build.0 = Debug|Any CPU
		{C05BC6FE-F808-493A-89F9-E6F1033BFF29}.Release|Any CPU.ActiveCfg = Release|Any CPU
		{C05BC6FE-F808-493A-89F9-E6F1033BFF29}.Release|Any CPU.Build.0 = Release|Any CPU
		{EF1F6AB7-AC4A-487F-9545-5FFED1003F21}.Debug|Any CPU.ActiveCfg = Debug|Any CPU
		{EF1F6AB7-AC4A-487F-9545-5FFED1003F21}.Debug|Any CPU.Build.0 = Debug|Any CPU
		{EF1F6AB7-AC4A-487F-9545-5FFED1003F21}.Release|Any CPU.ActiveCfg = Release|Any CPU
		{EF1F6AB7-AC4A-487F-9545-5FFED1003F21}.Release|Any CPU.Build.0 = Release|Any CPU
		{5D0016DF-BCC8-48C8-B980-E900C57E2B14}.Debug|Any CPU.ActiveCfg = Debug|Any CPU
		{5D0016DF-BCC8-48C8-B980-E900C57E2B14}.Debug|Any CPU.Build.0 = Debug|Any CPU
		{5D0016DF-BCC8-48C8-B980-E900C57E2B14}.Release|Any CPU.ActiveCfg = Release|Any CPU
		{5D0016DF-BCC8-48C8-B980-E900C57E2B14}.Release|Any CPU.Build.0 = Release|Any CPU
		{25111731-D49A-4F0B-A972-82307BF069D0}.Debug|Any CPU.ActiveCfg = Debug|Any CPU
		{25111731-D49A-4F0B-A972-82307BF069D0}.Debug|Any CPU.Build.0 = Debug|Any CPU
		{25111731-D49A-4F0B-A972-82307BF069D0}.Release|Any CPU.ActiveCfg = Release|Any CPU
		{25111731-D49A-4F0B-A972-82307BF069D0}.Release|Any CPU.Build.0 = Release|Any CPU
		{EC834E94-6BDC-4D36-9645-6F1E4DF0E811}.Debug|Any CPU.ActiveCfg = Debug|Any CPU
		{EC834E94-6BDC-4D36-9645-6F1E4DF0E811}.Debug|Any CPU.Build.0 = Debug|Any CPU
		{EC834E94-6BDC-4D36-9645-6F1E4DF0E811}.Release|Any CPU.ActiveCfg = Release|Any CPU
		{EC834E94-6BDC-4D36-9645-6F1E4DF0E811}.Release|Any CPU.Build.0 = Release|Any CPU
		{35B1D9E1-32FA-4553-AE74-DBF1DC316F8F}.Debug|Any CPU.ActiveCfg = Debug|Any CPU
		{35B1D9E1-32FA-4553-AE74-DBF1DC316F8F}.Debug|Any CPU.Build.0 = Debug|Any CPU
		{35B1D9E1-32FA-4553-AE74-DBF1DC316F8F}.Release|Any CPU.ActiveCfg = Release|Any CPU
		{35B1D9E1-32FA-4553-AE74-DBF1DC316F8F}.Release|Any CPU.Build.0 = Release|Any CPU
		{22116521-E837-4B76-88CB-8377DFEB3A01}.Debug|Any CPU.ActiveCfg = Debug|Any CPU
		{22116521-E837-4B76-88CB-8377DFEB3A01}.Debug|Any CPU.Build.0 = Debug|Any CPU
		{22116521-E837-4B76-88CB-8377DFEB3A01}.Release|Any CPU.ActiveCfg = Release|Any CPU
		{22116521-E837-4B76-88CB-8377DFEB3A01}.Release|Any CPU.Build.0 = Release|Any CPU
		{F24B7940-87D1-45A4-A2CC-F865148630FD}.Debug|Any CPU.ActiveCfg = Debug|Any CPU
		{F24B7940-87D1-45A4-A2CC-F865148630FD}.Debug|Any CPU.Build.0 = Debug|Any CPU
		{F24B7940-87D1-45A4-A2CC-F865148630FD}.Release|Any CPU.ActiveCfg = Release|Any CPU
		{F24B7940-87D1-45A4-A2CC-F865148630FD}.Release|Any CPU.Build.0 = Release|Any CPU
		{FA74283D-0F04-43B8-A488-4B20A980D618}.Debug|Any CPU.ActiveCfg = Debug|Any CPU
		{FA74283D-0F04-43B8-A488-4B20A980D618}.Debug|Any CPU.Build.0 = Debug|Any CPU
		{FA74283D-0F04-43B8-A488-4B20A980D618}.Release|Any CPU.ActiveCfg = Release|Any CPU
		{FA74283D-0F04-43B8-A488-4B20A980D618}.Release|Any CPU.Build.0 = Release|Any CPU
	EndGlobalSection
	GlobalSection(SolutionProperties) = preSolution
		HideSolutionNode = FALSE
	EndGlobalSection
	GlobalSection(NestedProjects) = preSolution
		{2195D353-288D-4CF8-A5C3-D7A407B6CF86} = {DFF4993B-EE60-43C5-9D50-3BC250E4D3E3}
		{7A5512FA-5F50-4CAF-AB51-FAA704B0B87B} = {A58DCC77-5DD1-484C-8719-491013D76079}
		{C05BC6FE-F808-493A-89F9-E6F1033BFF29} = {DFF4993B-EE60-43C5-9D50-3BC250E4D3E3}
		{EF1F6AB7-AC4A-487F-9545-5FFED1003F21} = {1B14A228-F8DF-4A5E-8415-838373569C7D}
		{5D0016DF-BCC8-48C8-B980-E900C57E2B14} = {1B14A228-F8DF-4A5E-8415-838373569C7D}
		{25111731-D49A-4F0B-A972-82307BF069D0} = {5462C30A-A015-4B08-84F7-521FD8654F22}
		{EC834E94-6BDC-4D36-9645-6F1E4DF0E811} = {5462C30A-A015-4B08-84F7-521FD8654F22}
		{22116521-E837-4B76-88CB-8377DFEB3A01} = {2A21AFDC-20B6-4D78-B8C9-A3A721280E21}
		{F24B7940-87D1-45A4-A2CC-F865148630FD} = {57F5F908-0E27-4228-AADA-F140381E6828}
	EndGlobalSection
	GlobalSection(ExtensibilityGlobals) = postSolution
		SolutionGuid = {1D9FC746-1CD3-4C00-8749-ED4B15532178}
	EndGlobalSection
EndGlobal
