
Microsoft Visual Studio Solution File, Format Version 12.00
# Visual Studio Version 17
VisualStudioVersion = 17.2.32526.322
MinimumVisualStudioVersion = 10.0.40219.1
Project("{9A19103F-16F7-4668-BE54-9A1E7A4F7556}") = "TiendaServicios.Api.Autor", "TiendaServicios.Api.Autor\TiendaServicios.Api.Autor.csproj", "{2195D353-288D-4CF8-A5C3-D7A407B6CF86}"
EndProject
Project("{FAE04EC0-301F-11D3-BF4B-00C04F79EFBC}") = "TiendaServicios.Contracts", "TiendaServicios.Contracts\TiendaServicios.Contracts.csproj", "{7A5512FA-5F50-4CAF-AB51-FAA704B0B87B}"
EndProject
Project("{9A19103F-16F7-4668-BE54-9A1E7A4F7556}") = "TiendaLibros.Client", "TiendaLibros.Client\TiendaLibros.Client.csproj", "{C05BC6FE-F808-493A-89F9-E6F1033BFF29}"
EndProject
Global
	GlobalSection(SolutionConfigurationPlatforms) = preSolution
		Debug|Any CPU = Debug|Any CPU
		Release|Any CPU = Release|Any CPU
	EndGlobalSection
	GlobalSection(ProjectConfigurationPlatforms) = postSolution
		{2195D353-288D-4CF8-A5C3-D7A407B6CF86}.Debug|Any CPU.ActiveCfg = Debug|Any CPU
		{2195D353-288D-4CF8-A5C3-D7A407B6CF86}.Debug|Any CPU.Build.0 = Debug|Any CPU
		{2195D353-288D-4CF8-A5C3-D7A407B6CF86}.Release|Any CPU.ActiveCfg = Release|Any CPU
		{2195D353-288D-4CF8-A5C3-D7A407B6CF86}.Release|Any CPU.Build.0 = Release|Any CPU
		{7A5512FA-5F50-4CAF-AB51-FAA704B0B87B}.Debug|Any CPU.ActiveCfg = Debug|Any CPU
		{7A5512FA-5F50-4CAF-AB51-FAA704B0B87B}.Debug|Any CPU.Build.0 = Debug|Any CPU
		{7A5512FA-5F50-4CAF-AB51-FAA704B0B87B}.Release|Any CPU.ActiveCfg = Release|Any CPU
		{7A5512FA-5F50-4CAF-AB51-FAA704B0B87B}.Release|Any CPU.Build.0 = Release|Any CPU
		{C05BC6FE-F808-493A-89F9-E6F1033BFF29}.Debug|Any CPU.ActiveCfg = Debug|Any CPU
		{C05BC6FE-F808-493A-89F9-E6F1033BFF29}.Debug|Any CPU.Build.0 = Debug|Any CPU
		{C05BC6FE-F808-493A-89F9-E6F1033BFF29}.Release|Any CPU.ActiveCfg = Release|Any CPU
		{C05BC6FE-F808-493A-89F9-E6F1033BFF29}.Release|Any CPU.Build.0 = Release|Any CPU
	EndGlobalSection
	GlobalSection(SolutionProperties) = preSolution
		HideSolutionNode = FALSE
	EndGlobalSection
	GlobalSection(ExtensibilityGlobals) = postSolution
		SolutionGuid = {1D9FC746-1CD3-4C00-8749-ED4B15532178}
	EndGlobalSection
EndGlobal
